
Microsoft Visual Studio Solution File, Format Version 12.00
# Visual Studio Version 17
VisualStudioVersion = 17.14.36603.0
MinimumVisualStudioVersion = 10.0.40219.1
Project("{FAE04EC0-301F-11D3-BF4B-00C04F79EFBC}") = "CollabSpace.API", "CollabSpace.API\CollabSpace.API.csproj", "{CDB57AEC-B07D-4C50-B9D4-C89880D3A58E}"
EndProject
Project("{FAE04EC0-301F-11D3-BF4B-00C04F79EFBC}") = "CollabSpace.Application", "CollabSpace.Application\CollabSpace.Application.csproj", "{B05E91C4-ADA3-40FE-8F13-2F79BE991973}"
EndProject
Project("{FAE04EC0-301F-11D3-BF4B-00C04F79EFBC}") = "CollabSpace.Domain", "CollabSpace.Domain\CollabSpace.Domain.csproj", "{7231EF15-502C-46CF-8300-01FF6E8A7BCC}"
EndProject
Project("{FAE04EC0-301F-11D3-BF4B-00C04F79EFBC}") = "CollabSpace.Infrastructure", "CollabSpace.Infrastructure\CollabSpace.Infrastructure.csproj", "{951F8441-AD1A-44AE-910F-18C041E26F08}"
EndProject
Project("{FAE04EC0-301F-11D3-BF4B-00C04F79EFBC}") = "CollabSpace.Persistence", "CollabSpace.Persistence\CollabSpace.Persistence.csproj", "{6676F6EF-29F6-4C21-9643-46BD4DB7E02A}"
EndProject
Global
	GlobalSection(SolutionConfigurationPlatforms) = preSolution
		Debug|Any CPU = Debug|Any CPU
		Debug|x64 = Debug|x64
		Debug|x86 = Debug|x86
		Release|Any CPU = Release|Any CPU
		Release|x64 = Release|x64
		Release|x86 = Release|x86
	EndGlobalSection
	GlobalSection(ProjectConfigurationPlatforms) = postSolution
		{CDB57AEC-B07D-4C50-B9D4-C89880D3A58E}.Debug|Any CPU.ActiveCfg = Debug|Any CPU
		{CDB57AEC-B07D-4C50-B9D4-C89880D3A58E}.Debug|Any CPU.Build.0 = Debug|Any CPU
		{CDB57AEC-B07D-4C50-B9D4-C89880D3A58E}.Debug|x64.ActiveCfg = Debug|Any CPU
		{CDB57AEC-B07D-4C50-B9D4-C89880D3A58E}.Debug|x64.Build.0 = Debug|Any CPU
		{CDB57AEC-B07D-4C50-B9D4-C89880D3A58E}.Debug|x86.ActiveCfg = Debug|Any CPU
		{CDB57AEC-B07D-4C50-B9D4-C89880D3A58E}.Debug|x86.Build.0 = Debug|Any CPU
		{CDB57AEC-B07D-4C50-B9D4-C89880D3A58E}.Release|Any CPU.ActiveCfg = Release|Any CPU
		{CDB57AEC-B07D-4C50-B9D4-C89880D3A58E}.Release|Any CPU.Build.0 = Release|Any CPU
		{CDB57AEC-B07D-4C50-B9D4-C89880D3A58E}.Release|x64.ActiveCfg = Release|Any CPU
		{CDB57AEC-B07D-4C50-B9D4-C89880D3A58E}.Release|x64.Build.0 = Release|Any CPU
		{CDB57AEC-B07D-4C50-B9D4-C89880D3A58E}.Release|x86.ActiveCfg = Release|Any CPU
		{CDB57AEC-B07D-4C50-B9D4-C89880D3A58E}.Release|x86.Build.0 = Release|Any CPU
		{B05E91C4-ADA3-40FE-8F13-2F79BE991973}.Debug|Any CPU.ActiveCfg = Debug|Any CPU
		{B05E91C4-ADA3-40FE-8F13-2F79BE991973}.Debug|Any CPU.Build.0 = Debug|Any CPU
		{B05E91C4-ADA3-40FE-8F13-2F79BE991973}.Debug|x64.ActiveCfg = Debug|Any CPU
		{B05E91C4-ADA3-40FE-8F13-2F79BE991973}.Debug|x64.Build.0 = Debug|Any CPU
		{B05E91C4-ADA3-40FE-8F13-2F79BE991973}.Debug|x86.ActiveCfg = Debug|Any CPU
		{B05E91C4-ADA3-40FE-8F13-2F79BE991973}.Debug|x86.Build.0 = Debug|Any CPU
		{B05E91C4-ADA3-40FE-8F13-2F79BE991973}.Release|Any CPU.ActiveCfg = Release|Any CPU
		{B05E91C4-ADA3-40FE-8F13-2F79BE991973}.Release|Any CPU.Build.0 = Release|Any CPU
		{B05E91C4-ADA3-40FE-8F13-2F79BE991973}.Release|x64.ActiveCfg = Release|Any CPU
		{B05E91C4-ADA3-40FE-8F13-2F79BE991973}.Release|x64.Build.0 = Release|Any CPU
		{B05E91C4-ADA3-40FE-8F13-2F79BE991973}.Release|x86.ActiveCfg = Release|Any CPU
		{B05E91C4-ADA3-40FE-8F13-2F79BE991973}.Release|x86.Build.0 = Release|Any CPU
		{7231EF15-502C-46CF-8300-01FF6E8A7BCC}.Debug|Any CPU.ActiveCfg = Debug|Any CPU
		{7231EF15-502C-46CF-8300-01FF6E8A7BCC}.Debug|Any CPU.Build.0 = Debug|Any CPU
		{7231EF15-502C-46CF-8300-01FF6E8A7BCC}.Debug|x64.ActiveCfg = Debug|Any CPU
		{7231EF15-502C-46CF-8300-01FF6E8A7BCC}.Debug|x64.Build.0 = Debug|Any CPU
		{7231EF15-502C-46CF-8300-01FF6E8A7BCC}.Debug|x86.ActiveCfg = Debug|Any CPU
		{7231EF15-502C-46CF-8300-01FF6E8A7BCC}.Debug|x86.Build.0 = Debug|Any CPU
		{7231EF15-502C-46CF-8300-01FF6E8A7BCC}.Release|Any CPU.ActiveCfg = Release|Any CPU
		{7231EF15-502C-46CF-8300-01FF6E8A7BCC}.Release|Any CPU.Build.0 = Release|Any CPU
		{7231EF15-502C-46CF-8300-01FF6E8A7BCC}.Release|x64.ActiveCfg = Release|Any CPU
		{7231EF15-502C-46CF-8300-01FF6E8A7BCC}.Release|x64.Build.0 = Release|Any CPU
		{7231EF15-502C-46CF-8300-01FF6E8A7BCC}.Release|x86.ActiveCfg = Release|Any CPU
		{7231EF15-502C-46CF-8300-01FF6E8A7BCC}.Release|x86.Build.0 = Release|Any CPU
		{951F8441-AD1A-44AE-910F-18C041E26F08}.Debug|Any CPU.ActiveCfg = Debug|Any CPU
		{951F8441-AD1A-44AE-910F-18C041E26F08}.Debug|Any CPU.Build.0 = Debug|Any CPU
		{951F8441-AD1A-44AE-910F-18C041E26F08}.Debug|x64.ActiveCfg = Debug|Any CPU
		{951F8441-AD1A-44AE-910F-18C041E26F08}.Debug|x64.Build.0 = Debug|Any CPU
		{951F8441-AD1A-44AE-910F-18C041E26F08}.Debug|x86.ActiveCfg = Debug|Any CPU
		{951F8441-AD1A-44AE-910F-18C041E26F08}.Debug|x86.Build.0 = Debug|Any CPU
		{951F8441-AD1A-44AE-910F-18C041E26F08}.Release|Any CPU.ActiveCfg = Release|Any CPU
		{951F8441-AD1A-44AE-910F-18C041E26F08}.Release|Any CPU.Build.0 = Release|Any CPU
		{951F8441-AD1A-44AE-910F-18C041E26F08}.Release|x64.ActiveCfg = Release|Any CPU
		{951F8441-AD1A-44AE-910F-18C041E26F08}.Release|x64.Build.0 = Release|Any CPU
		{951F8441-AD1A-44AE-910F-18C041E26F08}.Release|x86.ActiveCfg = Release|Any CPU
		{951F8441-AD1A-44AE-910F-18C041E26F08}.Release|x86.Build.0 = Release|Any CPU
		{6676F6EF-29F6-4C21-9643-46BD4DB7E02A}.Debug|Any CPU.ActiveCfg = Debug|Any CPU
		{6676F6EF-29F6-4C21-9643-46BD4DB7E02A}.Debug|Any CPU.Build.0 = Debug|Any CPU
		{6676F6EF-29F6-4C21-9643-46BD4DB7E02A}.Debug|x64.ActiveCfg = Debug|Any CPU
		{6676F6EF-29F6-4C21-9643-46BD4DB7E02A}.Debug|x64.Build.0 = Debug|Any CPU
		{6676F6EF-29F6-4C21-9643-46BD4DB7E02A}.Debug|x86.ActiveCfg = Debug|Any CPU
		{6676F6EF-29F6-4C21-9643-46BD4DB7E02A}.Debug|x86.Build.0 = Debug|Any CPU
		{6676F6EF-29F6-4C21-9643-46BD4DB7E02A}.Release|Any CPU.ActiveCfg = Release|Any CPU
		{6676F6EF-29F6-4C21-9643-46BD4DB7E02A}.Release|Any CPU.Build.0 = Release|Any CPU
		{6676F6EF-29F6-4C21-9643-46BD4DB7E02A}.Release|x64.ActiveCfg = Release|Any CPU
		{6676F6EF-29F6-4C21-9643-46BD4DB7E02A}.Release|x64.Build.0 = Release|Any CPU
		{6676F6EF-29F6-4C21-9643-46BD4DB7E02A}.Release|x86.ActiveCfg = Release|Any CPU
		{6676F6EF-29F6-4C21-9643-46BD4DB7E02A}.Release|x86.Build.0 = Release|Any CPU
	EndGlobalSection
	GlobalSection(SolutionProperties) = preSolution
		HideSolutionNode = FALSE
	EndGlobalSection
	GlobalSection(ExtensibilityGlobals) = postSolution
		SolutionGuid = {FBA2BB75-6BCD-4066-BD58-588F71D21988}
	EndGlobalSection
EndGlobal
